
Microsoft Visual Studio Solution File, Format Version 12.00
# Visual Studio 15
VisualStudioVersion = 15.0.28010.2003
MinimumVisualStudioVersion = 10.0.40219.1
Project("{8BC9CEB8-8B4A-11D0-8D11-00A0C91BC942}") = "krypton", "krypton\krypton.vcxproj", "{86AAE4A6-3805-4A19-8A08-2603F42A97BF}"
EndProject
Project("{8BC9CEB8-8B4A-11D0-8D11-00A0C91BC942}") = "frontend", "frontend\frontend.vcxproj", "{50514B4C-E324-45AA-B50D-86689F6633DC}"
EndProject
Project("{8BC9CEB8-8B4A-11D0-8D11-00A0C91BC942}") = "antlr4cpp-vs2015", "antlr4cpp\antlr4cpp-vs2015.vcxproj", "{A9762991-1B57-4DCE-90C0-EE42B96947BE}"
EndProject
Project("{8BC9CEB8-8B4A-11D0-8D11-00A0C91BC942}") = "frontend_trial", "frontend_trial\frontend_trial.vcxproj", "{5DAE0C36-D37A-42D2-91B7-4EEB542ABE6B}"
EndProject
Global
	GlobalSection(SolutionConfigurationPlatforms) = preSolution
		Debug|x64 = Debug|x64
		Debug|x86 = Debug|x86
		Release|x64 = Release|x64
		Release|x86 = Release|x86
	EndGlobalSection
	GlobalSection(ProjectConfigurationPlatforms) = postSolution
		{86AAE4A6-3805-4A19-8A08-2603F42A97BF}.Debug|x64.ActiveCfg = Debug|x64
		{86AAE4A6-3805-4A19-8A08-2603F42A97BF}.Debug|x64.Build.0 = Debug|x64
		{86AAE4A6-3805-4A19-8A08-2603F42A97BF}.Debug|x86.ActiveCfg = Debug|Win32
		{86AAE4A6-3805-4A19-8A08-2603F42A97BF}.Debug|x86.Build.0 = Debug|Win32
		{86AAE4A6-3805-4A19-8A08-2603F42A97BF}.Release|x64.ActiveCfg = Release|x64
		{86AAE4A6-3805-4A19-8A08-2603F42A97BF}.Release|x64.Build.0 = Release|x64
		{86AAE4A6-3805-4A19-8A08-2603F42A97BF}.Release|x86.ActiveCfg = Release|Win32
		{86AAE4A6-3805-4A19-8A08-2603F42A97BF}.Release|x86.Build.0 = Release|Win32
		{50514B4C-E324-45AA-B50D-86689F6633DC}.Debug|x64.ActiveCfg = Debug|x64
		{50514B4C-E324-45AA-B50D-86689F6633DC}.Debug|x64.Build.0 = Debug|x64
		{50514B4C-E324-45AA-B50D-86689F6633DC}.Debug|x86.ActiveCfg = Debug|Win32
		{50514B4C-E324-45AA-B50D-86689F6633DC}.Debug|x86.Build.0 = Debug|Win32
		{50514B4C-E324-45AA-B50D-86689F6633DC}.Release|x64.ActiveCfg = Release|x64
		{50514B4C-E324-45AA-B50D-86689F6633DC}.Release|x64.Build.0 = Release|x64
		{50514B4C-E324-45AA-B50D-86689F6633DC}.Release|x86.ActiveCfg = Release|Win32
		{50514B4C-E324-45AA-B50D-86689F6633DC}.Release|x86.Build.0 = Release|Win32
		{A9762991-1B57-4DCE-90C0-EE42B96947BE}.Debug|x64.ActiveCfg = Debug|x64
		{A9762991-1B57-4DCE-90C0-EE42B96947BE}.Debug|x64.Build.0 = Debug|x64
		{A9762991-1B57-4DCE-90C0-EE42B96947BE}.Debug|x86.ActiveCfg = Debug|Win32
		{A9762991-1B57-4DCE-90C0-EE42B96947BE}.Debug|x86.Build.0 = Debug|Win32
		{A9762991-1B57-4DCE-90C0-EE42B96947BE}.Release|x64.ActiveCfg = Release|x64
		{A9762991-1B57-4DCE-90C0-EE42B96947BE}.Release|x64.Build.0 = Release|x64
		{A9762991-1B57-4DCE-90C0-EE42B96947BE}.Release|x86.ActiveCfg = Release|Win32
		{A9762991-1B57-4DCE-90C0-EE42B96947BE}.Release|x86.Build.0 = Release|Win32
		{5DAE0C36-D37A-42D2-91B7-4EEB542ABE6B}.Debug|x64.ActiveCfg = Debug|x64
		{5DAE0C36-D37A-42D2-91B7-4EEB542ABE6B}.Debug|x64.Build.0 = Debug|x64
		{5DAE0C36-D37A-42D2-91B7-4EEB542ABE6B}.Debug|x86.ActiveCfg = Debug|Win32
		{5DAE0C36-D37A-42D2-91B7-4EEB542ABE6B}.Debug|x86.Build.0 = Debug|Win32
		{5DAE0C36-D37A-42D2-91B7-4EEB542ABE6B}.Release|x64.ActiveCfg = Release|x64
		{5DAE0C36-D37A-42D2-91B7-4EEB542ABE6B}.Release|x64.Build.0 = Release|x64
		{5DAE0C36-D37A-42D2-91B7-4EEB542ABE6B}.Release|x86.ActiveCfg = Release|Win32
		{5DAE0C36-D37A-42D2-91B7-4EEB542ABE6B}.Release|x86.Build.0 = Release|Win32
	EndGlobalSection
	GlobalSection(SolutionProperties) = preSolution
		HideSolutionNode = FALSE
	EndGlobalSection
	GlobalSection(ExtensibilityGlobals) = postSolution
		SolutionGuid = {AD60AE67-D8F0-4828-8488-E3DFACBB5B0A}
	EndGlobalSection
EndGlobal
